
Microsoft Visual Studio Solution File, Format Version 12.00
# Visual Studio 15
VisualStudioVersion = 15.0.26430.12
MinimumVisualStudioVersion = 10.0.40219.1
Project("{A07B5EB6-E848-4116-A8D0-A826331D98C6}") = "StorageApp", "StorageApp\StorageApp.sfproj", "{DEAC8FA5-03AD-42FB-9016-5AA42B0DF2F5}"
EndProject
Project("{FAE04EC0-301F-11D3-BF4B-00C04F79EFBC}") = "Stateful1", "Stateful1\Stateful1.csproj", "{2BF98B95-3CC8-4EEA-9125-71A8850BBA6D}"
EndProject
Project("{2150E333-8FDC-42A3-9474-1A3956D46DE8}") = "core", "core", "{EC587FA6-87E4-4112-B274-E5262765C22C}"
EndProject
Project("{9A19103F-16F7-4668-BE54-9A1E7A4F7556}") = "Storage.Net", "..\..\Storage.Net\Storage.Net.csproj", "{15712767-6901-44CC-B466-5F50A26EF54F}"
EndProject
Project("{9A19103F-16F7-4668-BE54-9A1E7A4F7556}") = "Storage.Net.Microsoft.ServiceFabric", "..\..\Storage.Net.Microsoft.ServiceFabric\Storage.Net.Microsoft.ServiceFabric.csproj", "{017314CC-9FC9-4437-8976-CBE99E6FE313}"
EndProject
Global
	GlobalSection(SolutionConfigurationPlatforms) = preSolution
		Debug|Any CPU = Debug|Any CPU
		Debug|x64 = Debug|x64
		Release|Any CPU = Release|Any CPU
		Release|x64 = Release|x64
	EndGlobalSection
	GlobalSection(ProjectConfigurationPlatforms) = postSolution
		{DEAC8FA5-03AD-42FB-9016-5AA42B0DF2F5}.Debug|Any CPU.ActiveCfg = Debug|x64
		{DEAC8FA5-03AD-42FB-9016-5AA42B0DF2F5}.Debug|x64.ActiveCfg = Debug|x64
		{DEAC8FA5-03AD-42FB-9016-5AA42B0DF2F5}.Debug|x64.Build.0 = Debug|x64
		{DEAC8FA5-03AD-42FB-9016-5AA42B0DF2F5}.Debug|x64.Deploy.0 = Debug|x64
		{DEAC8FA5-03AD-42FB-9016-5AA42B0DF2F5}.Release|Any CPU.ActiveCfg = Release|x64
		{DEAC8FA5-03AD-42FB-9016-5AA42B0DF2F5}.Release|x64.ActiveCfg = Release|x64
		{DEAC8FA5-03AD-42FB-9016-5AA42B0DF2F5}.Release|x64.Build.0 = Release|x64
		{DEAC8FA5-03AD-42FB-9016-5AA42B0DF2F5}.Release|x64.Deploy.0 = Release|x64
		{2BF98B95-3CC8-4EEA-9125-71A8850BBA6D}.Debug|Any CPU.ActiveCfg = Debug|x64
		{2BF98B95-3CC8-4EEA-9125-71A8850BBA6D}.Debug|x64.ActiveCfg = Debug|x64
		{2BF98B95-3CC8-4EEA-9125-71A8850BBA6D}.Debug|x64.Build.0 = Debug|x64
		{2BF98B95-3CC8-4EEA-9125-71A8850BBA6D}.Release|Any CPU.ActiveCfg = Release|x64
		{2BF98B95-3CC8-4EEA-9125-71A8850BBA6D}.Release|x64.ActiveCfg = Release|x64
		{2BF98B95-3CC8-4EEA-9125-71A8850BBA6D}.Release|x64.Build.0 = Release|x64
		{15712767-6901-44CC-B466-5F50A26EF54F}.Debug|Any CPU.ActiveCfg = Debug|Any CPU
		{15712767-6901-44CC-B466-5F50A26EF54F}.Debug|Any CPU.Build.0 = Debug|Any CPU
		{15712767-6901-44CC-B466-5F50A26EF54F}.Debug|x64.ActiveCfg = Debug|Any CPU
		{15712767-6901-44CC-B466-5F50A26EF54F}.Debug|x64.Build.0 = Debug|Any CPU
		{15712767-6901-44CC-B466-5F50A26EF54F}.Release|Any CPU.ActiveCfg = Release|Any CPU
		{15712767-6901-44CC-B466-5F50A26EF54F}.Release|Any CPU.Build.0 = Release|Any CPU
		{15712767-6901-44CC-B466-5F50A26EF54F}.Release|x64.ActiveCfg = Release|Any CPU
		{15712767-6901-44CC-B466-5F50A26EF54F}.Release|x64.Build.0 = Release|Any CPU
		{017314CC-9FC9-4437-8976-CBE99E6FE313}.Debug|Any CPU.ActiveCfg = Debug|Any CPU
		{017314CC-9FC9-4437-8976-CBE99E6FE313}.Debug|Any CPU.Build.0 = Debug|Any CPU
		{017314CC-9FC9-4437-8976-CBE99E6FE313}.Debug|x64.ActiveCfg = Debug|Any CPU
		{017314CC-9FC9-4437-8976-CBE99E6FE313}.Debug|x64.Build.0 = Debug|Any CPU
		{017314CC-9FC9-4437-8976-CBE99E6FE313}.Release|Any CPU.ActiveCfg = Release|Any CPU
		{017314CC-9FC9-4437-8976-CBE99E6FE313}.Release|Any CPU.Build.0 = Release|Any CPU
		{017314CC-9FC9-4437-8976-CBE99E6FE313}.Release|x64.ActiveCfg = Release|Any CPU
		{017314CC-9FC9-4437-8976-CBE99E6FE313}.Release|x64.Build.0 = Release|Any CPU
	EndGlobalSection
	GlobalSection(SolutionProperties) = preSolution
		HideSolutionNode = FALSE
	EndGlobalSection
	GlobalSection(NestedProjects) = preSolution
		{15712767-6901-44CC-B466-5F50A26EF54F} = {EC587FA6-87E4-4112-B274-E5262765C22C}
		{017314CC-9FC9-4437-8976-CBE99E6FE313} = {EC587FA6-87E4-4112-B274-E5262765C22C}
	EndGlobalSection
EndGlobal
