
Microsoft Visual Studio Solution File, Format Version 12.00
# Visual Studio 14
VisualStudioVersion = 14.0.25123.0
MinimumVisualStudioVersion = 10.0.40219.1
Project("{2150E333-8FDC-42A3-9474-1A3956D46DE8}") = "Solution Items", "Solution Items", "{CA174258-0F21-4682-9C69-CEBC440F0A80}"
	ProjectSection(SolutionItems) = preProject
		..\pack.cmd = ..\pack.cmd
		..\README.md = ..\README.md
		..\storage.net45.aws.nuspec = ..\storage.net45.aws.nuspec
		..\storage.net45.azure.nuspec = ..\storage.net45.azure.nuspec
		..\storage.nuspec = ..\storage.nuspec
	EndProjectSection
EndProject
Project("{FAE04EC0-301F-11D3-BF4B-00C04F79EFBC}") = "Storage.Net.Portable", "Storage.Net.Portable\Storage.Net.Portable.csproj", "{1F2BBFAE-561A-4C52-9B3D-B1F815CAB25F}"
EndProject
Project("{FAE04EC0-301F-11D3-BF4B-00C04F79EFBC}") = "Storage.Net.Net45", "Storage.Net.Net4\Storage.Net.Net45.csproj", "{EE6C2FE4-E7AB-4003-85BE-217DDCB428D3}"
EndProject
Project("{FAE04EC0-301F-11D3-BF4B-00C04F79EFBC}") = "Storage.Net.Net45.Azure", "Storage.Net.Net45.Azure\Storage.Net.Net45.Azure.csproj", "{42341769-8EDD-4AF8-8845-85E92F43EC29}"
EndProject
Project("{FAE04EC0-301F-11D3-BF4B-00C04F79EFBC}") = "Storage.Net.Tests", "Storage.Net.Tests\Storage.Net.Tests.csproj", "{3C222745-0A9A-4C2D-B00B-CDD4F6D5A3B2}"
EndProject
Project("{FAE04EC0-301F-11D3-BF4B-00C04F79EFBC}") = "Storage.Net.Tests.Integration", "Storage.Net.Tests.Integration\Storage.Net.Tests.Integration.csproj", "{497BC511-863F-4707-8DF5-D4F6FEA338A0}"
EndProject
Project("{FAE04EC0-301F-11D3-BF4B-00C04F79EFBC}") = "Storage.Net.Net45.Aws", "Storage.Net.Net45.Aws\Storage.Net.Net45.Aws.csproj", "{7E924E0B-DD63-4DC5-8B17-32B2591A928D}"
EndProject
Global
	GlobalSection(SolutionConfigurationPlatforms) = preSolution
		Debug|Any CPU = Debug|Any CPU
		Release|Any CPU = Release|Any CPU
	EndGlobalSection
	GlobalSection(ProjectConfigurationPlatforms) = postSolution
		{1F2BBFAE-561A-4C52-9B3D-B1F815CAB25F}.Debug|Any CPU.ActiveCfg = Debug|Any CPU
		{1F2BBFAE-561A-4C52-9B3D-B1F815CAB25F}.Debug|Any CPU.Build.0 = Debug|Any CPU
		{1F2BBFAE-561A-4C52-9B3D-B1F815CAB25F}.Release|Any CPU.ActiveCfg = Release|Any CPU
		{1F2BBFAE-561A-4C52-9B3D-B1F815CAB25F}.Release|Any CPU.Build.0 = Release|Any CPU
		{EE6C2FE4-E7AB-4003-85BE-217DDCB428D3}.Debug|Any CPU.ActiveCfg = Debug|Any CPU
		{EE6C2FE4-E7AB-4003-85BE-217DDCB428D3}.Debug|Any CPU.Build.0 = Debug|Any CPU
		{EE6C2FE4-E7AB-4003-85BE-217DDCB428D3}.Release|Any CPU.ActiveCfg = Release|Any CPU
		{EE6C2FE4-E7AB-4003-85BE-217DDCB428D3}.Release|Any CPU.Build.0 = Release|Any CPU
		{42341769-8EDD-4AF8-8845-85E92F43EC29}.Debug|Any CPU.ActiveCfg = Debug|Any CPU
		{42341769-8EDD-4AF8-8845-85E92F43EC29}.Debug|Any CPU.Build.0 = Debug|Any CPU
		{42341769-8EDD-4AF8-8845-85E92F43EC29}.Release|Any CPU.ActiveCfg = Release|Any CPU
		{42341769-8EDD-4AF8-8845-85E92F43EC29}.Release|Any CPU.Build.0 = Release|Any CPU
		{3C222745-0A9A-4C2D-B00B-CDD4F6D5A3B2}.Debug|Any CPU.ActiveCfg = Debug|Any CPU
		{3C222745-0A9A-4C2D-B00B-CDD4F6D5A3B2}.Debug|Any CPU.Build.0 = Debug|Any CPU
		{3C222745-0A9A-4C2D-B00B-CDD4F6D5A3B2}.Release|Any CPU.ActiveCfg = Release|Any CPU
		{3C222745-0A9A-4C2D-B00B-CDD4F6D5A3B2}.Release|Any CPU.Build.0 = Release|Any CPU
		{497BC511-863F-4707-8DF5-D4F6FEA338A0}.Debug|Any CPU.ActiveCfg = Debug|Any CPU
		{497BC511-863F-4707-8DF5-D4F6FEA338A0}.Debug|Any CPU.Build.0 = Debug|Any CPU
		{497BC511-863F-4707-8DF5-D4F6FEA338A0}.Release|Any CPU.ActiveCfg = Release|Any CPU
		{497BC511-863F-4707-8DF5-D4F6FEA338A0}.Release|Any CPU.Build.0 = Release|Any CPU
		{7E924E0B-DD63-4DC5-8B17-32B2591A928D}.Debug|Any CPU.ActiveCfg = Debug|Any CPU
		{7E924E0B-DD63-4DC5-8B17-32B2591A928D}.Debug|Any CPU.Build.0 = Debug|Any CPU
		{7E924E0B-DD63-4DC5-8B17-32B2591A928D}.Release|Any CPU.ActiveCfg = Release|Any CPU
		{7E924E0B-DD63-4DC5-8B17-32B2591A928D}.Release|Any CPU.Build.0 = Release|Any CPU
	EndGlobalSection
	GlobalSection(SolutionProperties) = preSolution
		HideSolutionNode = FALSE
	EndGlobalSection
EndGlobal
