
Microsoft Visual Studio Solution File, Format Version 12.00
# Visual Studio 14
VisualStudioVersion = 14.0.25420.1
MinimumVisualStudioVersion = 10.0.40219.1
Project("{2150E333-8FDC-42A3-9474-1A3956D46DE8}") = "src", "src", "{59E9D41F-BCD2-4A64-B62F-515B78986B63}"
EndProject
Project("{2150E333-8FDC-42A3-9474-1A3956D46DE8}") = "Solution Items", "Solution Items", "{D1BF1BDC-D99C-4C85-AF21-34AC49F49319}"
	ProjectSection(SolutionItems) = preProject
		.editorconfig = .editorconfig
		..\ChangeVersion.ps1 = ..\ChangeVersion.ps1
		global.json = global.json
		..\README.md = ..\README.md
	EndProjectSection
EndProject
Project("{8BB2217D-0F2D-49D1-97BC-3654ED321F3B}") = "Storage.Net", "src\Storage.Net\Storage.Net.xproj", "{E025A581-C3EC-42F9-A473-5F2544E28E30}"
EndProject
Project("{8BB2217D-0F2D-49D1-97BC-3654ED321F3B}") = "Storage.Net.Microsoft.Azure", "src\Storage.Net.Microsoft.Azure\Storage.Net.Microsoft.Azure.xproj", "{D5089EF8-0380-48F1-AA6A-20B2D7BD2A91}"
EndProject
Project("{8BB2217D-0F2D-49D1-97BC-3654ED321F3B}") = "Storage.Net.Amazon.Aws", "src\Storage.Net.Amazon.Aws\Storage.Net.Amazon.Aws.xproj", "{52577099-44AA-434B-A3BD-D46FBDBB8F00}"
EndProject
Project("{8BB2217D-0F2D-49D1-97BC-3654ED321F3B}") = "Storage.Net.Esent", "src\Storage.Net.Esent\Storage.Net.Esent.xproj", "{C4B94858-F935-471F-A59B-7E9F1446AFA8}"
EndProject
Project("{8BB2217D-0F2D-49D1-97BC-3654ED321F3B}") = "Storage.Net.Tests", "src\Storage.Net.Tests\Storage.Net.Tests.xproj", "{B075B1BE-8A7C-4070-AF62-EE2EA8AF5DA1}"
EndProject
Global
	GlobalSection(SolutionConfigurationPlatforms) = preSolution
		Debug|Any CPU = Debug|Any CPU
		Release|Any CPU = Release|Any CPU
	EndGlobalSection
	GlobalSection(ProjectConfigurationPlatforms) = postSolution
		{E025A581-C3EC-42F9-A473-5F2544E28E30}.Debug|Any CPU.ActiveCfg = Debug|Any CPU
		{E025A581-C3EC-42F9-A473-5F2544E28E30}.Debug|Any CPU.Build.0 = Debug|Any CPU
		{E025A581-C3EC-42F9-A473-5F2544E28E30}.Release|Any CPU.ActiveCfg = Release|Any CPU
		{E025A581-C3EC-42F9-A473-5F2544E28E30}.Release|Any CPU.Build.0 = Release|Any CPU
		{D5089EF8-0380-48F1-AA6A-20B2D7BD2A91}.Debug|Any CPU.ActiveCfg = Debug|Any CPU
		{D5089EF8-0380-48F1-AA6A-20B2D7BD2A91}.Debug|Any CPU.Build.0 = Debug|Any CPU
		{D5089EF8-0380-48F1-AA6A-20B2D7BD2A91}.Release|Any CPU.ActiveCfg = Release|Any CPU
		{D5089EF8-0380-48F1-AA6A-20B2D7BD2A91}.Release|Any CPU.Build.0 = Release|Any CPU
		{52577099-44AA-434B-A3BD-D46FBDBB8F00}.Debug|Any CPU.ActiveCfg = Debug|Any CPU
		{52577099-44AA-434B-A3BD-D46FBDBB8F00}.Debug|Any CPU.Build.0 = Debug|Any CPU
		{52577099-44AA-434B-A3BD-D46FBDBB8F00}.Release|Any CPU.ActiveCfg = Release|Any CPU
		{52577099-44AA-434B-A3BD-D46FBDBB8F00}.Release|Any CPU.Build.0 = Release|Any CPU
		{C4B94858-F935-471F-A59B-7E9F1446AFA8}.Debug|Any CPU.ActiveCfg = Debug|Any CPU
		{C4B94858-F935-471F-A59B-7E9F1446AFA8}.Debug|Any CPU.Build.0 = Debug|Any CPU
		{C4B94858-F935-471F-A59B-7E9F1446AFA8}.Release|Any CPU.ActiveCfg = Release|Any CPU
		{C4B94858-F935-471F-A59B-7E9F1446AFA8}.Release|Any CPU.Build.0 = Release|Any CPU
		{B075B1BE-8A7C-4070-AF62-EE2EA8AF5DA1}.Debug|Any CPU.ActiveCfg = Debug|Any CPU
		{B075B1BE-8A7C-4070-AF62-EE2EA8AF5DA1}.Debug|Any CPU.Build.0 = Debug|Any CPU
		{B075B1BE-8A7C-4070-AF62-EE2EA8AF5DA1}.Release|Any CPU.ActiveCfg = Release|Any CPU
		{B075B1BE-8A7C-4070-AF62-EE2EA8AF5DA1}.Release|Any CPU.Build.0 = Release|Any CPU
	EndGlobalSection
	GlobalSection(SolutionProperties) = preSolution
		HideSolutionNode = FALSE
	EndGlobalSection
	GlobalSection(NestedProjects) = preSolution
		{E025A581-C3EC-42F9-A473-5F2544E28E30} = {59E9D41F-BCD2-4A64-B62F-515B78986B63}
		{D5089EF8-0380-48F1-AA6A-20B2D7BD2A91} = {59E9D41F-BCD2-4A64-B62F-515B78986B63}
		{52577099-44AA-434B-A3BD-D46FBDBB8F00} = {59E9D41F-BCD2-4A64-B62F-515B78986B63}
		{C4B94858-F935-471F-A59B-7E9F1446AFA8} = {59E9D41F-BCD2-4A64-B62F-515B78986B63}
		{B075B1BE-8A7C-4070-AF62-EE2EA8AF5DA1} = {59E9D41F-BCD2-4A64-B62F-515B78986B63}
	EndGlobalSection
EndGlobal
