
Microsoft Visual Studio Solution File, Format Version 12.00
# Visual Studio Version 16
VisualStudioVersion = 16.0.28714.193
MinimumVisualStudioVersion = 10.0.40219.1
Project("{2150E333-8FDC-42A3-9474-1A3956D46DE8}") = "src", "src", "{59E9D41F-BCD2-4A64-B62F-515B78986B63}"
EndProject
Project("{2150E333-8FDC-42A3-9474-1A3956D46DE8}") = "shared", "shared", "{D1BF1BDC-D99C-4C85-AF21-34AC49F49319}"
	ProjectSection(SolutionItems) = preProject
		.editorconfig = .editorconfig
		..\azure-pipelines.yml = ..\azure-pipelines.yml
		..\doc\blobs.md = ..\doc\blobs.md
		..\build.ini = ..\build.ini
		JsonExtensions.cs = JsonExtensions.cs
		..\README.md = ..\README.md
	EndProjectSection
EndProject
Project("{9A19103F-16F7-4668-BE54-9A1E7A4F7556}") = "Storage.Net", "Storage.Net\Storage.Net.csproj", "{E025A581-C3EC-42F9-A473-5F2544E28E30}"
EndProject
Project("{2150E333-8FDC-42A3-9474-1A3956D46DE8}") = "Azure", "Azure", "{E5D1DA80-E9FE-4965-A498-DFFC8ED70E40}"
EndProject
Project("{2150E333-8FDC-42A3-9474-1A3956D46DE8}") = "AWS", "AWS", "{75082AEF-72A9-4874-8AFB-DB50013CAD28}"
EndProject
Project("{2150E333-8FDC-42A3-9474-1A3956D46DE8}") = "Test", "Test", "{76FFA3B1-8786-495D-B7B1-8F38A267D183}"
EndProject
Project("{9A19103F-16F7-4668-BE54-9A1E7A4F7556}") = "Storage.Net.Microsoft.Azure.DataLake.Store", "Azure\Storage.Net.Microsoft.Azure.DataLake.Store\Storage.Net.Microsoft.Azure.DataLake.Store.csproj", "{7A83138D-9EB1-4979-8349-FCBFB11385B5}"
EndProject
Project("{9A19103F-16F7-4668-BE54-9A1E7A4F7556}") = "Storage.Net.Amazon.Aws", "AWS\Storage.Net.Amazon.Aws\Storage.Net.Amazon.Aws.csproj", "{D0E01366-A330-416F-A363-2F29598DBC63}"
EndProject
Project("{9A19103F-16F7-4668-BE54-9A1E7A4F7556}") = "Storage.Net.Microsoft.Azure.ServiceBus", "Azure\Storage.Net.Microsoft.Azure.ServiceBus\Storage.Net.Microsoft.Azure.ServiceBus.csproj", "{A1F41190-C131-441A-8B75-613369126F23}"
EndProject
Project("{9A19103F-16F7-4668-BE54-9A1E7A4F7556}") = "Storage.Net.Microsoft.ServiceFabric", "Azure\Storage.Net.Microsoft.ServiceFabric\Storage.Net.Microsoft.ServiceFabric.csproj", "{2E01D09D-8EC2-4C2D-A4D0-60751ABC0EFF}"
EndProject
Project("{9A19103F-16F7-4668-BE54-9A1E7A4F7556}") = "Storage.Net.Microsoft.Azure.KeyVault", "Azure\Storage.Net.Microsoft.Azure.KeyVault\Storage.Net.Microsoft.Azure.KeyVault.csproj", "{6DD1E3D5-2367-40E4-B70C-67B45BF81A2F}"
EndProject
Project("{9A19103F-16F7-4668-BE54-9A1E7A4F7556}") = "Storage.Net.Microsoft.Azure.EventHub", "Azure\Storage.Net.Microsoft.Azure.EventHub\Storage.Net.Microsoft.Azure.EventHub.csproj", "{76050C11-E042-4806-8123-CB933B3B07F3}"
EndProject
Project("{9A19103F-16F7-4668-BE54-9A1E7A4F7556}") = "Storage.Net.Microsoft.Azure.Storage", "Azure\Storage.Net.Microsoft.Azure.Storage\Storage.Net.Microsoft.Azure.Storage.csproj", "{98315953-1DA6-46A2-A009-888467B4F902}"
EndProject
Project("{9A19103F-16F7-4668-BE54-9A1E7A4F7556}") = "Storage.Net.Tests", "..\test\Storage.Net.Tests\Storage.Net.Tests.csproj", "{E37128DB-6CD7-4E06-8130-9BCEAD41DF5D}"
EndProject
Project("{9A19103F-16F7-4668-BE54-9A1E7A4F7556}") = "Storage.Net.Tests.Integration", "..\test\Storage.Net.Tests.Integration\Storage.Net.Tests.Integration.csproj", "{B29220CF-8EB0-473F-88D6-D9A146AC6F39}"
EndProject
Project("{2150E333-8FDC-42A3-9474-1A3956D46DE8}") = "General", "General", "{8098BD8F-AC7C-44CD-8F84-A514A5418C8C}"
EndProject
Project("{9A19103F-16F7-4668-BE54-9A1E7A4F7556}") = "Storage.Net.Ftp", "General\Storage.Net.Ftp\Storage.Net.Ftp.csproj", "{8054AA5F-F409-4594-BA40-566650FDA596}"
EndProject
Project("{9A19103F-16F7-4668-BE54-9A1E7A4F7556}") = "Storage.Net.ConsoleRunner", "..\test\Storage.Net.ConsoleRunner\Storage.Net.ConsoleRunner.csproj", "{9AB03EC5-4D78-491D-824A-EEB3F01E7639}"
EndProject
Project("{2150E333-8FDC-42A3-9474-1A3956D46DE8}") = "GCP", "GCP", "{7060A53B-F046-4820-A143-1A05B8C14575}"
EndProject
Project("{9A19103F-16F7-4668-BE54-9A1E7A4F7556}") = "Storage.Net.Gcp.CloudStorage", "GCP\Storage.Net.Gcp.CloudStorage\Storage.Net.Gcp.CloudStorage.csproj", "{A79A5CE0-83F3-44E2-A88D-D51D7A3EE8F5}"
EndProject
Project("{FAE04EC0-301F-11D3-BF4B-00C04F79EFBC}") = "Storage.Net.Microsoft.Azure.Databricks.Dbfs", "Azure\Storage.Net.Microsoft.Azure.Databricks.Dbfs\Storage.Net.Microsoft.Azure.Databricks.Dbfs.csproj", "{8EED860F-4D6C-4EAE-97D3-62925E7336E0}"
EndProject
Global
	GlobalSection(SolutionConfigurationPlatforms) = preSolution
		Debug|Any CPU = Debug|Any CPU
		Release|Any CPU = Release|Any CPU
	EndGlobalSection
	GlobalSection(ProjectConfigurationPlatforms) = postSolution
		{E025A581-C3EC-42F9-A473-5F2544E28E30}.Debug|Any CPU.ActiveCfg = Debug|Any CPU
		{E025A581-C3EC-42F9-A473-5F2544E28E30}.Debug|Any CPU.Build.0 = Debug|Any CPU
		{E025A581-C3EC-42F9-A473-5F2544E28E30}.Release|Any CPU.ActiveCfg = Release|Any CPU
		{E025A581-C3EC-42F9-A473-5F2544E28E30}.Release|Any CPU.Build.0 = Release|Any CPU
		{7A83138D-9EB1-4979-8349-FCBFB11385B5}.Debug|Any CPU.ActiveCfg = Debug|Any CPU
		{7A83138D-9EB1-4979-8349-FCBFB11385B5}.Debug|Any CPU.Build.0 = Debug|Any CPU
		{7A83138D-9EB1-4979-8349-FCBFB11385B5}.Release|Any CPU.ActiveCfg = Release|Any CPU
		{7A83138D-9EB1-4979-8349-FCBFB11385B5}.Release|Any CPU.Build.0 = Release|Any CPU
		{D0E01366-A330-416F-A363-2F29598DBC63}.Debug|Any CPU.ActiveCfg = Debug|Any CPU
		{D0E01366-A330-416F-A363-2F29598DBC63}.Debug|Any CPU.Build.0 = Debug|Any CPU
		{D0E01366-A330-416F-A363-2F29598DBC63}.Release|Any CPU.ActiveCfg = Release|Any CPU
		{D0E01366-A330-416F-A363-2F29598DBC63}.Release|Any CPU.Build.0 = Release|Any CPU
		{A1F41190-C131-441A-8B75-613369126F23}.Debug|Any CPU.ActiveCfg = Debug|Any CPU
		{A1F41190-C131-441A-8B75-613369126F23}.Debug|Any CPU.Build.0 = Debug|Any CPU
		{A1F41190-C131-441A-8B75-613369126F23}.Release|Any CPU.ActiveCfg = Release|Any CPU
		{A1F41190-C131-441A-8B75-613369126F23}.Release|Any CPU.Build.0 = Release|Any CPU
		{2E01D09D-8EC2-4C2D-A4D0-60751ABC0EFF}.Debug|Any CPU.ActiveCfg = Debug|Any CPU
		{2E01D09D-8EC2-4C2D-A4D0-60751ABC0EFF}.Debug|Any CPU.Build.0 = Debug|Any CPU
		{2E01D09D-8EC2-4C2D-A4D0-60751ABC0EFF}.Release|Any CPU.ActiveCfg = Release|Any CPU
		{2E01D09D-8EC2-4C2D-A4D0-60751ABC0EFF}.Release|Any CPU.Build.0 = Release|Any CPU
		{6DD1E3D5-2367-40E4-B70C-67B45BF81A2F}.Debug|Any CPU.ActiveCfg = Debug|Any CPU
		{6DD1E3D5-2367-40E4-B70C-67B45BF81A2F}.Debug|Any CPU.Build.0 = Debug|Any CPU
		{6DD1E3D5-2367-40E4-B70C-67B45BF81A2F}.Release|Any CPU.ActiveCfg = Release|Any CPU
		{6DD1E3D5-2367-40E4-B70C-67B45BF81A2F}.Release|Any CPU.Build.0 = Release|Any CPU
		{76050C11-E042-4806-8123-CB933B3B07F3}.Debug|Any CPU.ActiveCfg = Debug|Any CPU
		{76050C11-E042-4806-8123-CB933B3B07F3}.Debug|Any CPU.Build.0 = Debug|Any CPU
		{76050C11-E042-4806-8123-CB933B3B07F3}.Release|Any CPU.ActiveCfg = Release|Any CPU
		{76050C11-E042-4806-8123-CB933B3B07F3}.Release|Any CPU.Build.0 = Release|Any CPU
		{98315953-1DA6-46A2-A009-888467B4F902}.Debug|Any CPU.ActiveCfg = Debug|Any CPU
		{98315953-1DA6-46A2-A009-888467B4F902}.Debug|Any CPU.Build.0 = Debug|Any CPU
		{98315953-1DA6-46A2-A009-888467B4F902}.Release|Any CPU.ActiveCfg = Release|Any CPU
		{98315953-1DA6-46A2-A009-888467B4F902}.Release|Any CPU.Build.0 = Release|Any CPU
		{E37128DB-6CD7-4E06-8130-9BCEAD41DF5D}.Debug|Any CPU.ActiveCfg = Debug|Any CPU
		{E37128DB-6CD7-4E06-8130-9BCEAD41DF5D}.Debug|Any CPU.Build.0 = Debug|Any CPU
		{E37128DB-6CD7-4E06-8130-9BCEAD41DF5D}.Release|Any CPU.ActiveCfg = Release|Any CPU
		{E37128DB-6CD7-4E06-8130-9BCEAD41DF5D}.Release|Any CPU.Build.0 = Release|Any CPU
		{B29220CF-8EB0-473F-88D6-D9A146AC6F39}.Debug|Any CPU.ActiveCfg = Debug|Any CPU
		{B29220CF-8EB0-473F-88D6-D9A146AC6F39}.Debug|Any CPU.Build.0 = Debug|Any CPU
		{B29220CF-8EB0-473F-88D6-D9A146AC6F39}.Release|Any CPU.ActiveCfg = Release|Any CPU
		{B29220CF-8EB0-473F-88D6-D9A146AC6F39}.Release|Any CPU.Build.0 = Release|Any CPU
		{8054AA5F-F409-4594-BA40-566650FDA596}.Debug|Any CPU.ActiveCfg = Debug|Any CPU
		{8054AA5F-F409-4594-BA40-566650FDA596}.Debug|Any CPU.Build.0 = Debug|Any CPU
		{8054AA5F-F409-4594-BA40-566650FDA596}.Release|Any CPU.ActiveCfg = Release|Any CPU
		{8054AA5F-F409-4594-BA40-566650FDA596}.Release|Any CPU.Build.0 = Release|Any CPU
		{9AB03EC5-4D78-491D-824A-EEB3F01E7639}.Debug|Any CPU.ActiveCfg = Debug|Any CPU
		{9AB03EC5-4D78-491D-824A-EEB3F01E7639}.Debug|Any CPU.Build.0 = Debug|Any CPU
		{9AB03EC5-4D78-491D-824A-EEB3F01E7639}.Release|Any CPU.ActiveCfg = Release|Any CPU
		{9AB03EC5-4D78-491D-824A-EEB3F01E7639}.Release|Any CPU.Build.0 = Release|Any CPU
		{A79A5CE0-83F3-44E2-A88D-D51D7A3EE8F5}.Debug|Any CPU.ActiveCfg = Debug|Any CPU
		{A79A5CE0-83F3-44E2-A88D-D51D7A3EE8F5}.Debug|Any CPU.Build.0 = Debug|Any CPU
		{A79A5CE0-83F3-44E2-A88D-D51D7A3EE8F5}.Release|Any CPU.ActiveCfg = Release|Any CPU
		{A79A5CE0-83F3-44E2-A88D-D51D7A3EE8F5}.Release|Any CPU.Build.0 = Release|Any CPU
		{8EED860F-4D6C-4EAE-97D3-62925E7336E0}.Debug|Any CPU.ActiveCfg = Debug|Any CPU
		{8EED860F-4D6C-4EAE-97D3-62925E7336E0}.Debug|Any CPU.Build.0 = Debug|Any CPU
		{8EED860F-4D6C-4EAE-97D3-62925E7336E0}.Release|Any CPU.ActiveCfg = Release|Any CPU
		{8EED860F-4D6C-4EAE-97D3-62925E7336E0}.Release|Any CPU.Build.0 = Release|Any CPU
	EndGlobalSection
	GlobalSection(SolutionProperties) = preSolution
		HideSolutionNode = FALSE
	EndGlobalSection
	GlobalSection(NestedProjects) = preSolution
		{E025A581-C3EC-42F9-A473-5F2544E28E30} = {59E9D41F-BCD2-4A64-B62F-515B78986B63}
		{E5D1DA80-E9FE-4965-A498-DFFC8ED70E40} = {59E9D41F-BCD2-4A64-B62F-515B78986B63}
		{75082AEF-72A9-4874-8AFB-DB50013CAD28} = {59E9D41F-BCD2-4A64-B62F-515B78986B63}
		{7A83138D-9EB1-4979-8349-FCBFB11385B5} = {E5D1DA80-E9FE-4965-A498-DFFC8ED70E40}
		{D0E01366-A330-416F-A363-2F29598DBC63} = {75082AEF-72A9-4874-8AFB-DB50013CAD28}
		{A1F41190-C131-441A-8B75-613369126F23} = {E5D1DA80-E9FE-4965-A498-DFFC8ED70E40}
		{2E01D09D-8EC2-4C2D-A4D0-60751ABC0EFF} = {E5D1DA80-E9FE-4965-A498-DFFC8ED70E40}
		{6DD1E3D5-2367-40E4-B70C-67B45BF81A2F} = {E5D1DA80-E9FE-4965-A498-DFFC8ED70E40}
		{76050C11-E042-4806-8123-CB933B3B07F3} = {E5D1DA80-E9FE-4965-A498-DFFC8ED70E40}
		{98315953-1DA6-46A2-A009-888467B4F902} = {E5D1DA80-E9FE-4965-A498-DFFC8ED70E40}
		{E37128DB-6CD7-4E06-8130-9BCEAD41DF5D} = {76FFA3B1-8786-495D-B7B1-8F38A267D183}
		{B29220CF-8EB0-473F-88D6-D9A146AC6F39} = {76FFA3B1-8786-495D-B7B1-8F38A267D183}
		{8098BD8F-AC7C-44CD-8F84-A514A5418C8C} = {59E9D41F-BCD2-4A64-B62F-515B78986B63}
		{8054AA5F-F409-4594-BA40-566650FDA596} = {8098BD8F-AC7C-44CD-8F84-A514A5418C8C}
		{9AB03EC5-4D78-491D-824A-EEB3F01E7639} = {76FFA3B1-8786-495D-B7B1-8F38A267D183}
		{7060A53B-F046-4820-A143-1A05B8C14575} = {59E9D41F-BCD2-4A64-B62F-515B78986B63}
		{A79A5CE0-83F3-44E2-A88D-D51D7A3EE8F5} = {7060A53B-F046-4820-A143-1A05B8C14575}
		{8EED860F-4D6C-4EAE-97D3-62925E7336E0} = {E5D1DA80-E9FE-4965-A498-DFFC8ED70E40}
	EndGlobalSection
	GlobalSection(ExtensibilityGlobals) = postSolution
		SolutionGuid = {C5FC6E9A-255E-4FD4-B08C-8EDE44BFE37A}
	EndGlobalSection
EndGlobal
